
Microsoft Visual Studio Solution File, Format Version 12.00
Project("{FAE04EC0-301F-11D3-BF4B-00C04F79EFBC}") = "natural-selection", "natural-selection\natural-selection.csproj", "{C4E84EAD-2D59-4004-BA46-DC328F1D8C0D}"
EndProject
Global
	GlobalSection(SolutionConfigurationPlatforms) = preSolution
		Debug|Any CPU = Debug|Any CPU
		Release|Any CPU = Release|Any CPU
	EndGlobalSection
	GlobalSection(ProjectConfigurationPlatforms) = postSolution
		{C4E84EAD-2D59-4004-BA46-DC328F1D8C0D}.Debug|Any CPU.ActiveCfg = Debug|Any CPU
		{C4E84EAD-2D59-4004-BA46-DC328F1D8C0D}.Debug|Any CPU.Build.0 = Debug|Any CPU
		{C4E84EAD-2D59-4004-BA46-DC328F1D8C0D}.Release|Any CPU.ActiveCfg = Release|Any CPU
		{C4E84EAD-2D59-4004-BA46-DC328F1D8C0D}.Release|Any CPU.Build.0 = Release|Any CPU
	EndGlobalSection
EndGlobal
